// !$*UTF8*$!
{
	archiveVersion = 1;
	classes = {
	};
	objectVersion = 50;
	objects = {

/* Begin PBXBuildFile section */
		F46A7FAC26FCB9BA002D38CB /* AppDelegate.swift in Sources */ = {isa = PBXBuildFile; fileRef = F46A7FAB26FCB9BA002D38CB /* AppDelegate.swift */; };
		F46A7FAE26FCB9BA002D38CB /* SceneDelegate.swift in Sources */ = {isa = PBXBuildFile; fileRef = F46A7FAD26FCB9BA002D38CB /* SceneDelegate.swift */; };
		F46A7FB326FCB9BA002D38CB /* Main.storyboard in Resources */ = {isa = PBXBuildFile; fileRef = F46A7FB126FCB9BA002D38CB /* Main.storyboard */; };
		F46A7FB526FCB9BC002D38CB /* Assets.xcassets in Resources */ = {isa = PBXBuildFile; fileRef = F46A7FB426FCB9BC002D38CB /* Assets.xcassets */; };
		F46A7FB826FCB9BC002D38CB /* LaunchScreen.storyboard in Resources */ = {isa = PBXBuildFile; fileRef = F46A7FB626FCB9BC002D38CB /* LaunchScreen.storyboard */; };
		F46A7FC326FCC2AB002D38CB /* GenreButtonScreen.swift in Sources */ = {isa = PBXBuildFile; fileRef = F46A7FC226FCC2AB002D38CB /* GenreButtonScreen.swift */; };
/* End PBXBuildFile section */

/* Begin PBXFileReference section */
		F46A7FA826FCB9BA002D38CB /* Sean Allen Player.app */ = {isa = PBXFileReference; explicitFileType = wrapper.application; includeInIndex = 0; path = "Sean Allen Player.app"; sourceTree = BUILT_PRODUCTS_DIR; };
		F46A7FAB26FCB9BA002D38CB /* AppDelegate.swift */ = {isa = PBXFileReference; lastKnownFileType = sourcecode.swift; path = AppDelegate.swift; sourceTree = "<group>"; };
		F46A7FAD26FCB9BA002D38CB /* SceneDelegate.swift */ = {isa = PBXFileReference; lastKnownFileType = sourcecode.swift; path = SceneDelegate.swift; sourceTree = "<group>"; };
		F46A7FB226FCB9BA002D38CB /* Base */ = {isa = PBXFileReference; lastKnownFileType = file.storyboard; name = Base; path = Base.lproj/Main.storyboard; sourceTree = "<group>"; };
		F46A7FB426FCB9BC002D38CB /* Assets.xcassets */ = {isa = PBXFileReference; lastKnownFileType = folder.assetcatalog; path = Assets.xcassets; sourceTree = "<group>"; };
		F46A7FB726FCB9BC002D38CB /* Base */ = {isa = PBXFileReference; lastKnownFileType = file.storyboard; name = Base; path = Base.lproj/LaunchScreen.storyboard; sourceTree = "<group>"; };
		F46A7FB926FCB9BC002D38CB /* Info.plist */ = {isa = PBXFileReference; lastKnownFileType = text.plist.xml; path = Info.plist; sourceTree = "<group>"; };
		F46A7FC226FCC2AB002D38CB /* GenreButtonScreen.swift */ = {isa = PBXFileReference; lastKnownFileType = sourcecode.swift; path = GenreButtonScreen.swift; sourceTree = "<group>"; };
/* End PBXFileReference section */

/* Begin PBXFrameworksBuildPhase section */
		F46A7FA526FCB9BA002D38CB /* Frameworks */ = {
			isa = PBXFrameworksBuildPhase;
			buildActionMask = 2147483647;
			files = (
			);
			runOnlyForDeploymentPostprocessing = 0;
		};
/* End PBXFrameworksBuildPhase section */

/* Begin PBXGroup section */
		F46A7F9F26FCB9BA002D38CB = {
			isa = PBXGroup;
			children = (
				F46A7FAA26FCB9BA002D38CB /* Sean Allen Player */,
				F46A7FA926FCB9BA002D38CB /* Products */,
			);
			sourceTree = "<group>";
		};
		F46A7FA926FCB9BA002D38CB /* Products */ = {
			isa = PBXGroup;
			children = (
				F46A7FA826FCB9BA002D38CB /* Sean Allen Player.app */,
			);
			name = Products;
			sourceTree = "<group>";
		};
		F46A7FAA26FCB9BA002D38CB /* Sean Allen Player */ = {
			isa = PBXGroup;
			children = (
				F46A7FC126FCC251002D38CB /* VC */,
				F46A7FC026FCC22B002D38CB /* Storyoard */,
				F46A7FBF26FCC206002D38CB /* Service */,
				F46A7FB926FCB9BC002D38CB /* Info.plist */,
			);
			path = "Sean Allen Player";
			sourceTree = "<group>";
		};
		F46A7FBF26FCC206002D38CB /* Service */ = {
			isa = PBXGroup;
			children = (
				F46A7FAD26FCB9BA002D38CB /* SceneDelegate.swift */,
				F46A7FAB26FCB9BA002D38CB /* AppDelegate.swift */,
			);
			path = Service;
			sourceTree = "<group>";
		};
		F46A7FC026FCC22B002D38CB /* Storyoard */ = {
			isa = PBXGroup;
			children = (
				F46A7FB126FCB9BA002D38CB /* Main.storyboard */,
				F46A7FB626FCB9BC002D38CB /* LaunchScreen.storyboard */,
				F46A7FB426FCB9BC002D38CB /* Assets.xcassets */,
			);
			path = Storyoard;
			sourceTree = "<group>";
		};
		F46A7FC126FCC251002D38CB /* VC */ = {
			isa = PBXGroup;
			children = (
				F46A7FC226FCC2AB002D38CB /* GenreButtonScreen.swift */,
			);
			path = VC;
			sourceTree = "<group>";
		};
/* End PBXGroup section */

/* Begin PBXNativeTarget section */
		F46A7FA726FCB9BA002D38CB /* Sean Allen Player */ = {
			isa = PBXNativeTarget;
			buildConfigurationList = F46A7FBC26FCB9BC002D38CB /* Build configuration list for PBXNativeTarget "Sean Allen Player" */;
			buildPhases = (
				F46A7FA426FCB9BA002D38CB /* Sources */,
				F46A7FA526FCB9BA002D38CB /* Frameworks */,
				F46A7FA626FCB9BA002D38CB /* Resources */,
			);
			buildRules = (
			);
			dependencies = (
			);
			name = "Sean Allen Player";
			productName = "Sean Allen Player";
			productReference = F46A7FA826FCB9BA002D38CB /* Sean Allen Player.app */;
			productType = "com.apple.product-type.application";
		};
/* End PBXNativeTarget section */

/* Begin PBXProject section */
		F46A7FA026FCB9BA002D38CB /* Project object */ = {
			isa = PBXProject;
			attributes = {
				LastSwiftUpdateCheck = 1250;
				LastUpgradeCheck = 1250;
				TargetAttributes = {
					F46A7FA726FCB9BA002D38CB = {
						CreatedOnToolsVersion = 12.5;
					};
				};
			};
			buildConfigurationList = F46A7FA326FCB9BA002D38CB /* Build configuration list for PBXProject "Sean Allen Player" */;
			compatibilityVersion = "Xcode 9.3";
			developmentRegion = en;
			hasScannedForEncodings = 0;
			knownRegions = (
				en,
				Base,
			);
			mainGroup = F46A7F9F26FCB9BA002D38CB;
			productRefGroup = F46A7FA926FCB9BA002D38CB /* Products */;
			projectDirPath = "";
			projectRoot = "";
			targets = (
				F46A7FA726FCB9BA002D38CB /* Sean Allen Player */,
			);
		};
/* End PBXProject section */

/* Begin PBXResourcesBuildPhase section */
		F46A7FA626FCB9BA002D38CB /* Resources */ = {
			isa = PBXResourcesBuildPhase;
			buildActionMask = 2147483647;
			files = (
				F46A7FB826FCB9BC002D38CB /* LaunchScreen.storyboard in Resources */,
				F46A7FB526FCB9BC002D38CB /* Assets.xcassets in Resources */,
				F46A7FB326FCB9BA002D38CB /* Main.storyboard in Resources */,
			);
			runOnlyForDeploymentPostprocessing = 0;
		};
/* End PBXResourcesBuildPhase section */

/* Begin PBXSourcesBuildPhase section */
		F46A7FA426FCB9BA002D38CB /* Sources */ = {
			isa = PBXSourcesBuildPhase;
			buildActionMask = 2147483647;
			files = (
				F46A7FAC26FCB9BA002D38CB /* AppDelegate.swift in Sources */,
				F46A7FAE26FCB9BA002D38CB /* SceneDelegate.swift in Sources */,
				F46A7FC326FCC2AB002D38CB /* GenreButtonScreen.swift in Sources */,
			);
			runOnlyForDeploymentPostprocessing = 0;
		};
/* End PBXSourcesBuildPhase section */

/* Begin PBXVariantGroup section */
		F46A7FB126FCB9BA002D38CB /* Main.storyboard */ = {
			isa = PBXVariantGroup;
			children = (
				F46A7FB226FCB9BA002D38CB /* Base */,
			);
			name = Main.storyboard;
			sourceTree = "<group>";
		};
		F46A7FB626FCB9BC002D38CB /* LaunchScreen.storyboard */ = {
			isa = PBXVariantGroup;
			children = (
				F46A7FB726FCB9BC002D38CB /* Base */,
			);
			name = LaunchScreen.storyboard;
			sourceTree = "<group>";
		};
/* End PBXVariantGroup section */

/* Begin XCBuildConfiguration section */
		F46A7FBA26FCB9BC002D38CB /* Debug */ = {
			isa = XCBuildConfiguration;
			buildSettings = {
				ALWAYS_SEARCH_USER_PATHS = NO;
				CLANG_ANALYZER_NONNULL = YES;
				CLANG_ANALYZER_NUMBER_OBJECT_CONVERSION = YES_AGGRESSIVE;
				CLANG_CXX_LANGUAGE_STANDARD = "gnu++14";
				CLANG_CXX_LIBRARY = "libc++";
				CLANG_ENABLE_MODULES = YES;
				CLANG_ENABLE_OBJC_ARC = YES;
				CLANG_ENABLE_OBJC_WEAK = YES;
				CLANG_WARN_BLOCK_CAPTURE_AUTORELEASING = YES;
				CLANG_WARN_BOOL_CONVERSION = YES;
				CLANG_WARN_COMMA = YES;
				CLANG_WARN_CONSTANT_CONVERSION = YES;
				CLANG_WARN_DEPRECATED_OBJC_IMPLEMENTATIONS = YES;
				CLANG_WARN_DIRECT_OBJC_ISA_USAGE = YES_ERROR;
				CLANG_WARN_DOCUMENTATION_COMMENTS = YES;
				CLANG_WARN_EMPTY_BODY = YES;
				CLANG_WARN_ENUM_CONVERSION = YES;
				CLANG_WARN_INFINITE_RECURSION = YES;
				CLANG_WARN_INT_CONVERSION = YES;
				CLANG_WARN_NON_LITERAL_NULL_CONVERSION = YES;
				CLANG_WARN_OBJC_IMPLICIT_RETAIN_SELF = YES;
				CLANG_WARN_OBJC_LITERAL_CONVERSION = YES;
				CLANG_WARN_OBJC_ROOT_CLASS = YES_ERROR;
				CLANG_WARN_QUOTED_INCLUDE_IN_FRAMEWORK_HEADER = YES;
				CLANG_WARN_RANGE_LOOP_ANALYSIS = YES;
				CLANG_WARN_STRICT_PROTOTYPES = YES;
				CLANG_WARN_SUSPICIOUS_MOVE = YES;
				CLANG_WARN_UNGUARDED_AVAILABILITY = YES_AGGRESSIVE;
				CLANG_WARN_UNREACHABLE_CODE = YES;
				CLANG_WARN__DUPLICATE_METHOD_MATCH = YES;
				COPY_PHASE_STRIP = NO;
				DEBUG_INFORMATION_FORMAT = dwarf;
				ENABLE_STRICT_OBJC_MSGSEND = YES;
				ENABLE_TESTABILITY = YES;
				GCC_C_LANGUAGE_STANDARD = gnu11;
				GCC_DYNAMIC_NO_PIC = NO;
				GCC_NO_COMMON_BLOCKS = YES;
				GCC_OPTIMIZATION_LEVEL = 0;
				GCC_PREPROCESSOR_DEFINITIONS = (
					"DEBUG=1",
					"$(inherited)",
				);
				GCC_WARN_64_TO_32_BIT_CONVERSION = YES;
				GCC_WARN_ABOUT_RETURN_TYPE = YES_ERROR;
				GCC_WARN_UNDECLARED_SELECTOR = YES;
				GCC_WARN_UNINITIALIZED_AUTOS = YES_AGGRESSIVE;
				GCC_WARN_UNUSED_FUNCTION = YES;
				GCC_WARN_UNUSED_VARIABLE = YES;
				IPHONEOS_DEPLOYMENT_TARGET = 14.5;
				MTL_ENABLE_DEBUG_INFO = INCLUDE_SOURCE;
				MTL_FAST_MATH = YES;
				ONLY_ACTIVE_ARCH = YES;
				SDKROOT = iphoneos;
				SWIFT_ACTIVE_COMPILATION_CONDITIONS = DEBUG;
				SWIFT_OPTIMIZATION_LEVEL = "-Onone";
			};
			name = Debug;
		};
		F46A7FBB26FCB9BC002D38CB /* Release */ = {
			isa = XCBuildConfiguration;
			buildSettings = {
				ALWAYS_SEARCH_USER_PATHS = NO;
				CLANG_ANALYZER_NONNULL = YES;
				CLANG_ANALYZER_NUMBER_OBJECT_CONVERSION = YES_AGGRESSIVE;
				CLANG_CXX_LANGUAGE_STANDARD = "gnu++14";
				CLANG_CXX_LIBRARY = "libc++";
				CLANG_ENABLE_MODULES = YES;
				CLANG_ENABLE_OBJC_ARC = YES;
				CLANG_ENABLE_OBJC_WEAK = YES;
				CLANG_WARN_BLOCK_CAPTURE_AUTORELEASING = YES;
				CLANG_WARN_BOOL_CONVERSION = YES;
				CLANG_WARN_COMMA = YES;
				CLANG_WARN_CONSTANT_CONVERSION = YES;
				CLANG_WARN_DEPRECATED_OBJC_IMPLEMENTATIONS = YES;
				CLANG_WARN_DIRECT_OBJC_ISA_USAGE = YES_ERROR;
				CLANG_WARN_DOCUMENTATION_COMMENTS = YES;
				CLANG_WARN_EMPTY_BODY = YES;
				CLANG_WARN_ENUM_CONVERSION = YES;
				CLANG_WARN_INFINITE_RECURSION = YES;
				CLANG_WARN_INT_CONVERSION = YES;
				CLANG_WARN_NON_LITERAL_NULL_CONVERSION = YES;
				CLANG_WARN_OBJC_IMPLICIT_RETAIN_SELF = YES;
				CLANG_WARN_OBJC_LITERAL_CONVERSION = YES;
				CLANG_WARN_OBJC_ROOT_CLASS = YES_ERROR;
				CLANG_WARN_QUOTED_INCLUDE_IN_FRAMEWORK_HEADER = YES;
				CLANG_WARN_RANGE_LOOP_ANALYSIS = YES;
				CLANG_WARN_STRICT_PROTOTYPES = YES;
				CLANG_WARN_SUSPICIOUS_MOVE = YES;
				CLANG_WARN_UNGUARDED_AVAILABILITY = YES_AGGRESSIVE;
				CLANG_WARN_UNREACHABLE_CODE = YES;
				CLANG_WARN__DUPLICATE_METHOD_MATCH = YES;
				COPY_PHASE_STRIP = NO;
				DEBUG_INFORMATION_FORMAT = "dwarf-with-dsym";
				ENABLE_NS_ASSERTIONS = NO;
				ENABLE_STRICT_OBJC_MSGSEND = YES;
				GCC_C_LANGUAGE_STANDARD = gnu11;
				GCC_NO_COMMON_BLOCKS = YES;
				GCC_WARN_64_TO_32_BIT_CONVERSION = YES;
				GCC_WARN_ABOUT_RETURN_TYPE = YES_ERROR;
				GCC_WARN_UNDECLARED_SELECTOR = YES;
				GCC_WARN_UNINITIALIZED_AUTOS = YES_AGGRESSIVE;
				GCC_WARN_UNUSED_FUNCTION = YES;
				GCC_WARN_UNUSED_VARIABLE = YES;
				IPHONEOS_DEPLOYMENT_TARGET = 14.5;
				MTL_ENABLE_DEBUG_INFO = NO;
				MTL_FAST_MATH = YES;
				SDKROOT = iphoneos;
				SWIFT_COMPILATION_MODE = wholemodule;
				SWIFT_OPTIMIZATION_LEVEL = "-O";
				VALIDATE_PRODUCT = YES;
			};
			name = Release;
		};
		F46A7FBD26FCB9BC002D38CB /* Debug */ = {
			isa = XCBuildConfiguration;
			buildSettings = {
				ASSETCATALOG_COMPILER_APPICON_NAME = AppIcon;
				ASSETCATALOG_COMPILER_GLOBAL_ACCENT_COLOR_NAME = AccentColor;
				CODE_SIGN_STYLE = Automatic;
				DEVELOPMENT_TEAM = 7XLJ4BB85J;
				INFOPLIST_FILE = "Sean Allen Player/Info.plist";
				LD_RUNPATH_SEARCH_PATHS = (
					"$(inherited)",
					"@executable_path/Frameworks",
				);
				PRODUCT_BUNDLE_IDENTIFIER = "S.K.A..Sean-Allen-Player";
				PRODUCT_NAME = "$(TARGET_NAME)";
				SWIFT_VERSION = 5.0;
				TARGETED_DEVICE_FAMILY = 1;
			};
			name = Debug;
		};
		F46A7FBE26FCB9BC002D38CB /* Release */ = {
			isa = XCBuildConfiguration;
			buildSettings = {
				ASSETCATALOG_COMPILER_APPICON_NAME = AppIcon;
				ASSETCATALOG_COMPILER_GLOBAL_ACCENT_COLOR_NAME = AccentColor;
				CODE_SIGN_STYLE = Automatic;
				DEVELOPMENT_TEAM = 7XLJ4BB85J;
				INFOPLIST_FILE = "Sean Allen Player/Info.plist";
				LD_RUNPATH_SEARCH_PATHS = (
					"$(inherited)",
					"@executable_path/Frameworks",
				);
				PRODUCT_BUNDLE_IDENTIFIER = "S.K.A..Sean-Allen-Player";
				PRODUCT_NAME = "$(TARGET_NAME)";
				SWIFT_VERSION = 5.0;
				TARGETED_DEVICE_FAMILY = 1;
			};
			name = Release;
		};
/* End XCBuildConfiguration section */

/* Begin XCConfigurationList section */
		F46A7FA326FCB9BA002D38CB /* Build configuration list for PBXProject "Sean Allen Player" */ = {
			isa = XCConfigurationList;
			buildConfigurations = (
				F46A7FBA26FCB9BC002D38CB /* Debug */,
				F46A7FBB26FCB9BC002D38CB /* Release */,
			);
			defaultConfigurationIsVisible = 0;
			defaultConfigurationName = Release;
		};
		F46A7FBC26FCB9BC002D38CB /* Build configuration list for PBXNativeTarget "Sean Allen Player" */ = {
			isa = XCConfigurationList;
			buildConfigurations = (
				F46A7FBD26FCB9BC002D38CB /* Debug */,
				F46A7FBE26FCB9BC002D38CB /* Release */,
			);
			defaultConfigurationIsVisible = 0;
			defaultConfigurationName = Release;
		};
/* End XCConfigurationList section */
	};
	rootObject = F46A7FA026FCB9BA002D38CB /* Project object */;
}
